github.com/davecgh/go-spew v1.1.0 h1:ZDRjVQ15GmhC3fiQ8ni8+OwkZQO4DARzQgrnXU1Liz8=
github.com/davecgh/go-spew v1.1.0/go.mod h1:J7Y8YcW2NihsgmVo/mv3lAwl/skON4iLHjSsI+c5H38=
github.com/drgolem/go-flac v0.0.0-20221021082237-4f25709ad47a h1:5u2H3SECOor1RdjhKkEyJBBf77wHDhvW9VEpYuk9qEQ=
github.com/drgolem/go-flac v0.0.0-20221021082237-4f25709ad47a/go.mod h1:0jKsHSPFD+upAZ3VN7RGX06SNZWeBk61Ix8gWGU5xVw=
github.com/drgolem/go-mpg123 v0.0.0-20231222205034-503e1b1f1429 h1:kl+uQK1aOTFiCrn0kBiIETGS9cYFBHjMgaulGf9Q4tQ=
github.com/drgolem/go-mpg123 v0.0.0-20231222205034-503e1b1f1429/go.mod h1:lTMlKJyyCJBmvv5HlGsnCFUJl8h0ois6/5b78asZ0G4=
github.com/drgolem/go-ogg v0.0.0-20221021062348-a1b6f0a17f55 h1:H/L2PsiqiDBTYfbL50fFW6fV0sVc5V1/NztszeAehVs=
github.com/drgolem/go-ogg v0.0.0-20221021062348-a1b6f0a17f55/go.mod h1:VssowOSDLjOq1bsEhw4OCNu0JjQd8Zb3xYiCf3OgaAw=
github.com/drgolem/go-opus v0.0.0-20221022213453-763cb73ec5b5 h1:qTjDf1kbmKs3GLQ1TV1aWt7huHmACNpYEql/WsxpKLk=
github.com/drgolem/go-opus v0.0.0-20221022213453-763cb73ec5b5/go.mod h1:Na1IlcmgrbIxFPwaPyBUUzJ2RoViQpV8I90poXPskuI=
github.com/drgolem/go-portaudio v0.0.0-20221021075034-3529d9df9b9e h1:6sHPb0HA6rnuOvIplU7lF6RuhFMOvGadinuI7JYh4i4=
github.com/drgolem/go-portaudio v0.0.0-20221021075034-3529d9df9b9e/go.mod h1:jaAy58tD5HzaMw+qkIY1/I29KcEjo/2Z/7FT7pXAI/o=
github.com/drgolem/ringbuffer v0.0.0-20221021062907-cab3d32a4a22 h1:hrRRDDU/nHoHRiE3uIhMnbeWAF16qS+f2yKDz6gnfC0=
github.com/drgolem/ringbuffer v0.0.0-20221021062907-cab3d32a4a22/go.mod h1:LE6VluL/QGyXZHTQ0kW1KFT1lCiFZHhv+Hfvg87CR38=
github.com/jfreymuth/vorbis v1.0.2 h1:m1xH6+ZI4thH927pgKD8JOH4eaGRm18rEE9/0WKjvNE=
github.com/jfreymuth/vorbis v1.0.2/go.mod h1:DoftRo4AznKnShRl1GxiTFCseHr4zR9BN3TWXyuzrqQ=
github.com/pmezard/go-difflib v1.0.0 h1:4DBwDE0NGyQoBHbLQYPwSUPoCMWR5BEzIk/f1lZbAQM=
github.com/pmezard/go-difflib v1.0.0/go.mod h1:iKH77koFhYxTK1pcRnkKkqfTogsbg7gZNVY4sRDYZ/4=
github.com/stretchr/testify v1.7.2 h1:4jaiDzPyXQvSd7D0EjG45355tLlV3VOECpq10pLC+8s=
github.com/stretchr/testify v1.7.2/go.mod h1:R6va5+xMeoiuVRoj+gSkQ7d3FALtqAAGI1FQKckRals=
gopkg.in/yaml.v3 v3.0.1 h1:fxVm/GzAzEWqLHuvctI91KS9hhNmmWOoWu0XTYJS7CA=
gopkg.in/yaml.v3 v3.0.1/go.mod h1:K4uyk7z7BCEPqu6E+C64Yfv1cQ7kz7rIZviUmN+EgEM=
